{
  "pins" : [
    {
      "identity" : "xmlcoder",
      "kind" : "remoteSourceControl",
      "location" : "https://github.com/maxdesiatov/XMLCoder.git",
      "state" : {
        "revision" : "ca932442d7481700f5434a7b138c47dd42d9902b",
        "version" : "0.14.0"
      }
    },
    {
      "identity" : "zipfoundation",
      "kind" : "remoteSourceControl",
      "location" : "https://github.com/heathen-app/ZIPFoundation.git",
      "state" : {
        "branch" : "linux",
        "revision" : "a7c062d5c6f292f4b74daadaddbdf80e89431d85"
      }
    }
  ],
  "version" : 2
}
