{
  "object": {
    "pins": [
      {
        "package": "XMLCoder",
        "repositoryURL": "https://github.com/maxdesiatov/XMLCoder.git",
        "state": {
          "branch": null,
          "revision": "ca932442d7481700f5434a7b138c47dd42d9902b",
          "version": "0.14.0"
        }
      },
      {
        "package": "ZIPFoundation",
        "repositoryURL": "https://github.com/agentk/ZIPFoundation.git",
        "state": {
          "branch": "main",
          "revision": "863f6c54eb5bcff3326fd1abb690cd2f8b20a1b8",
          "version": null
        }
      }
    ]
  },
  "version": 1
}
